
Microsoft Visual Studio Solution File, Format Version 12.00
# Visual Studio Version 17
VisualStudioVersion = 17.12.35527.113
MinimumVisualStudioVersion = 10.0.40219.1
Project("{FAE04EC0-301F-11D3-BF4B-00C04F79EFBC}") = "AbySalto.Junior", "AbySalto.Junior\AbySalto.Junior.csproj", "{19C7F73E-B5DB-416D-934B-3884C9CF66F9}"
EndProject
Project("{FAE04EC0-301F-11D3-BF4B-00C04F79EFBC}") = "Domain", "Domain\Domain.csproj", "{E7C500B3-E691-4A11-833E-FD80FE1806F5}"
EndProject
Project("{FAE04EC0-301F-11D3-BF4B-00C04F79EFBC}") = "Application", "Application\Application.csproj", "{2E8C69EB-3632-44A5-984F-CF8C57AF1AA3}"
EndProject
Project("{FAE04EC0-301F-11D3-BF4B-00C04F79EFBC}") = "Infrastructure", "Infrastructure\Infrastructure.csproj", "{81EA5EAF-8506-4712-9602-04142FFE684E}"
EndProject
Global
	GlobalSection(SolutionConfigurationPlatforms) = preSolution
		Debug|Any CPU = Debug|Any CPU
		Release|Any CPU = Release|Any CPU
	EndGlobalSection
	GlobalSection(ProjectConfigurationPlatforms) = postSolution
		{19C7F73E-B5DB-416D-934B-3884C9CF66F9}.Debug|Any CPU.ActiveCfg = Debug|Any CPU
		{19C7F73E-B5DB-416D-934B-3884C9CF66F9}.Debug|Any CPU.Build.0 = Debug|Any CPU
		{19C7F73E-B5DB-416D-934B-3884C9CF66F9}.Release|Any CPU.ActiveCfg = Release|Any CPU
		{19C7F73E-B5DB-416D-934B-3884C9CF66F9}.Release|Any CPU.Build.0 = Release|Any CPU
		{E7C500B3-E691-4A11-833E-FD80FE1806F5}.Debug|Any CPU.ActiveCfg = Debug|Any CPU
		{E7C500B3-E691-4A11-833E-FD80FE1806F5}.Debug|Any CPU.Build.0 = Debug|Any CPU
		{E7C500B3-E691-4A11-833E-FD80FE1806F5}.Release|Any CPU.ActiveCfg = Release|Any CPU
		{E7C500B3-E691-4A11-833E-FD80FE1806F5}.Release|Any CPU.Build.0 = Release|Any CPU
		{2E8C69EB-3632-44A5-984F-CF8C57AF1AA3}.Debug|Any CPU.ActiveCfg = Debug|Any CPU
		{2E8C69EB-3632-44A5-984F-CF8C57AF1AA3}.Debug|Any CPU.Build.0 = Debug|Any CPU
		{2E8C69EB-3632-44A5-984F-CF8C57AF1AA3}.Release|Any CPU.ActiveCfg = Release|Any CPU
		{2E8C69EB-3632-44A5-984F-CF8C57AF1AA3}.Release|Any CPU.Build.0 = Release|Any CPU
		{81EA5EAF-8506-4712-9602-04142FFE684E}.Debug|Any CPU.ActiveCfg = Debug|Any CPU
		{81EA5EAF-8506-4712-9602-04142FFE684E}.Debug|Any CPU.Build.0 = Debug|Any CPU
		{81EA5EAF-8506-4712-9602-04142FFE684E}.Release|Any CPU.ActiveCfg = Release|Any CPU
		{81EA5EAF-8506-4712-9602-04142FFE684E}.Release|Any CPU.Build.0 = Release|Any CPU
	EndGlobalSection
	GlobalSection(SolutionProperties) = preSolution
		HideSolutionNode = FALSE
	EndGlobalSection
	GlobalSection(ExtensibilityGlobals) = postSolution
		SolutionGuid = {B8F56A3F-9BF4-4DD7-A22B-4E1DE7A389BD}
	EndGlobalSection
EndGlobal
